
Microsoft Visual Studio Solution File, Format Version 12.00
# Visual Studio Version 17
VisualStudioVersion = 17.0.32126.317
MinimumVisualStudioVersion = 10.0.40219.1
Project("{9A19103F-16F7-4668-BE54-9A1E7A4F7556}") = "HardwareInfo", "HardwareInfo.csproj", "{E95D8345-253A-4FB3-98C1-E449720A1A11}"
EndProject
Global
	GlobalSection(SolutionConfigurationPlatforms) = preSolution
		Debug|Any CPU = Debug|Any CPU
		Debug|x86 = Debug|x86
		Release|Any CPU = Release|Any CPU
		Release|x86 = Release|x86
	EndGlobalSection
	GlobalSection(ProjectConfigurationPlatforms) = postSolution
		{E95D8345-253A-4FB3-98C1-E449720A1A11}.Debug|Any CPU.ActiveCfg = Debug|Any CPU
		{E95D8345-253A-4FB3-98C1-E449720A1A11}.Debug|Any CPU.Build.0 = Debug|Any CPU
		{E95D8345-253A-4FB3-98C1-E449720A1A11}.Debug|x86.ActiveCfg = Debug|x86
		{E95D8345-253A-4FB3-98C1-E449720A1A11}.Debug|x86.Build.0 = Debug|x86
		{E95D8345-253A-4FB3-98C1-E449720A1A11}.Release|Any CPU.ActiveCfg = Release|Any CPU
		{E95D8345-253A-4FB3-98C1-E449720A1A11}.Release|Any CPU.Build.0 = Release|Any CPU
		{E95D8345-253A-4FB3-98C1-E449720A1A11}.Release|x86.ActiveCfg = Release|x86
		{E95D8345-253A-4FB3-98C1-E449720A1A11}.Release|x86.Build.0 = Release|x86
	EndGlobalSection
	GlobalSection(SolutionProperties) = preSolution
		HideSolutionNode = FALSE
	EndGlobalSection
	GlobalSection(ExtensibilityGlobals) = postSolution
		SolutionGuid = {A7096693-2FAB-4FC1-B042-C40CD170DFE3}
	EndGlobalSection
EndGlobal
